// !$*UTF8*$!
{
	archiveVersion = 1;
	classes = {
	};
	objectVersion = 48;
	objects = {

/* Begin PBXBuildFile section */
		F932DE271F970C8D000E2CD8 /* AppDelegate.swift in Sources */ = {isa = PBXBuildFile; fileRef = F932DE261F970C8D000E2CD8 /* AppDelegate.swift */; };
		F932DE291F970C8D000E2CD8 /* ViewController.swift in Sources */ = {isa = PBXBuildFile; fileRef = F932DE281F970C8D000E2CD8 /* ViewController.swift */; };
		F932DE2C1F970C8D000E2CD8 /* Main.storyboard in Resources */ = {isa = PBXBuildFile; fileRef = F932DE2A1F970C8D000E2CD8 /* Main.storyboard */; };
		F932DE2E1F970C8D000E2CD8 /* Assets.xcassets in Resources */ = {isa = PBXBuildFile; fileRef = F932DE2D1F970C8D000E2CD8 /* Assets.xcassets */; };
		F932DE311F970C8D000E2CD8 /* LaunchScreen.storyboard in Resources */ = {isa = PBXBuildFile; fileRef = F932DE2F1F970C8D000E2CD8 /* LaunchScreen.storyboard */; };
		F932DE3C1F970C8D000E2CD8 /* iOSFeaturesDemoTests.swift in Sources */ = {isa = PBXBuildFile; fileRef = F932DE3B1F970C8D000E2CD8 /* iOSFeaturesDemoTests.swift */; };
		F932DE471F970C8D000E2CD8 /* iOSFeaturesDemoUITests.swift in Sources */ = {isa = PBXBuildFile; fileRef = F932DE461F970C8D000E2CD8 /* iOSFeaturesDemoUITests.swift */; };
/* End PBXBuildFile section */

/* Begin PBXContainerItemProxy section */
		F932DE381F970C8D000E2CD8 /* PBXContainerItemProxy */ = {
			isa = PBXContainerItemProxy;
			containerPortal = F932DE1B1F970C8D000E2CD8 /* Project object */;
			proxyType = 1;
			remoteGlobalIDString = F932DE221F970C8D000E2CD8;
			remoteInfo = iOSFeaturesDemo;
		};
		F932DE431F970C8D000E2CD8 /* PBXContainerItemProxy */ = {
			isa = PBXContainerItemProxy;
			containerPortal = F932DE1B1F970C8D000E2CD8 /* Project object */;
			proxyType = 1;
			remoteGlobalIDString = F932DE221F970C8D000E2CD8;
			remoteInfo = iOSFeaturesDemo;
		};
/* End PBXContainerItemProxy section */

/* Begin PBXFileReference section */
		F932DE231F970C8D000E2CD8 /* iOSFeaturesDemo.app */ = {isa = PBXFileReference; explicitFileType = wrapper.application; includeInIndex = 0; path = iOSFeaturesDemo.app; sourceTree = BUILT_PRODUCTS_DIR; };
		F932DE261F970C8D000E2CD8 /* AppDelegate.swift */ = {isa = PBXFileReference; lastKnownFileType = sourcecode.swift; path = AppDelegate.swift; sourceTree = "<group>"; };
		F932DE281F970C8D000E2CD8 /* ViewController.swift */ = {isa = PBXFileReference; lastKnownFileType = sourcecode.swift; path = ViewController.swift; sourceTree = "<group>"; };
		F932DE2B1F970C8D000E2CD8 /* Base */ = {isa = PBXFileReference; lastKnownFileType = file.storyboard; name = Base; path = Base.lproj/Main.storyboard; sourceTree = "<group>"; };
		F932DE2D1F970C8D000E2CD8 /* Assets.xcassets */ = {isa = PBXFileReference; lastKnownFileType = folder.assetcatalog; path = Assets.xcassets; sourceTree = "<group>"; };
		F932DE301F970C8D000E2CD8 /* Base */ = {isa = PBXFileReference; lastKnownFileType = file.storyboard; name = Base; path = Base.lproj/LaunchScreen.storyboard; sourceTree = "<group>"; };
		F932DE321F970C8D000E2CD8 /* Info.plist */ = {isa = PBXFileReference; lastKnownFileType = text.plist.xml; path = Info.plist; sourceTree = "<group>"; };
		F932DE371F970C8D000E2CD8 /* iOSFeaturesDemoTests.xctest */ = {isa = PBXFileReference; explicitFileType = wrapper.cfbundle; includeInIndex = 0; path = iOSFeaturesDemoTests.xctest; sourceTree = BUILT_PRODUCTS_DIR; };
		F932DE3B1F970C8D000E2CD8 /* iOSFeaturesDemoTests.swift */ = {isa = PBXFileReference; lastKnownFileType = sourcecode.swift; path = iOSFeaturesDemoTests.swift; sourceTree = "<group>"; };
		F932DE3D1F970C8D000E2CD8 /* Info.plist */ = {isa = PBXFileReference; lastKnownFileType = text.plist.xml; path = Info.plist; sourceTree = "<group>"; };
		F932DE421F970C8D000E2CD8 /* iOSFeaturesDemoUITests.xctest */ = {isa = PBXFileReference; explicitFileType = wrapper.cfbundle; includeInIndex = 0; path = iOSFeaturesDemoUITests.xctest; sourceTree = BUILT_PRODUCTS_DIR; };
		F932DE461F970C8D000E2CD8 /* iOSFeaturesDemoUITests.swift */ = {isa = PBXFileReference; lastKnownFileType = sourcecode.swift; path = iOSFeaturesDemoUITests.swift; sourceTree = "<group>"; };
		F932DE481F970C8D000E2CD8 /* Info.plist */ = {isa = PBXFileReference; lastKnownFileType = text.plist.xml; path = Info.plist; sourceTree = "<group>"; };
/* End PBXFileReference section */

/* Begin PBXFrameworksBuildPhase section */
		F932DE201F970C8D000E2CD8 /* Frameworks */ = {
			isa = PBXFrameworksBuildPhase;
			buildActionMask = 2147483647;
			files = (
			);
			runOnlyForDeploymentPostprocessing = 0;
		};
		F932DE341F970C8D000E2CD8 /* Frameworks */ = {
			isa = PBXFrameworksBuildPhase;
			buildActionMask = 2147483647;
			files = (
			);
			runOnlyForDeploymentPostprocessing = 0;
		};
		F932DE3F1F970C8D000E2CD8 /* Frameworks */ = {
			isa = PBXFrameworksBuildPhase;
			buildActionMask = 2147483647;
			files = (
			);
			runOnlyForDeploymentPostprocessing = 0;
		};
/* End PBXFrameworksBuildPhase section */

/* Begin PBXGroup section */
		F932DE1A1F970C8D000E2CD8 = {
			isa = PBXGroup;
			children = (
				F932DE251F970C8D000E2CD8 /* iOSFeaturesDemo */,
				F932DE3A1F970C8D000E2CD8 /* iOSFeaturesDemoTests */,
				F932DE451F970C8D000E2CD8 /* iOSFeaturesDemoUITests */,
				F932DE241F970C8D000E2CD8 /* Products */,
			);
			sourceTree = "<group>";
		};
		F932DE241F970C8D000E2CD8 /* Products */ = {
			isa = PBXGroup;
			children = (
				F932DE231F970C8D000E2CD8 /* iOSFeaturesDemo.app */,
				F932DE371F970C8D000E2CD8 /* iOSFeaturesDemoTests.xctest */,
				F932DE421F970C8D000E2CD8 /* iOSFeaturesDemoUITests.xctest */,
			);
			name = Products;
			sourceTree = "<group>";
		};
		F932DE251F970C8D000E2CD8 /* iOSFeaturesDemo */ = {
			isa = PBXGroup;
			children = (
				F932DE261F970C8D000E2CD8 /* AppDelegate.swift */,
				F932DE281F970C8D000E2CD8 /* ViewController.swift */,
				F932DE2A1F970C8D000E2CD8 /* Main.storyboard */,
				F932DE2D1F970C8D000E2CD8 /* Assets.xcassets */,
				F932DE2F1F970C8D000E2CD8 /* LaunchScreen.storyboard */,
				F932DE321F970C8D000E2CD8 /* Info.plist */,
			);
			path = iOSFeaturesDemo;
			sourceTree = "<group>";
		};
		F932DE3A1F970C8D000E2CD8 /* iOSFeaturesDemoTests */ = {
			isa = PBXGroup;
			children = (
				F932DE3B1F970C8D000E2CD8 /* iOSFeaturesDemoTests.swift */,
				F932DE3D1F970C8D000E2CD8 /* Info.plist */,
			);
			path = iOSFeaturesDemoTests;
			sourceTree = "<group>";
		};
		F932DE451F970C8D000E2CD8 /* iOSFeaturesDemoUITests */ = {
			isa = PBXGroup;
			children = (
				F932DE461F970C8D000E2CD8 /* iOSFeaturesDemoUITests.swift */,
				F932DE481F970C8D000E2CD8 /* Info.plist */,
			);
			path = iOSFeaturesDemoUITests;
			sourceTree = "<group>";
		};
/* End PBXGroup section */

/* Begin PBXNativeTarget section */
		F932DE221F970C8D000E2CD8 /* iOSFeaturesDemo */ = {
			isa = PBXNativeTarget;
			buildConfigurationList = F932DE4B1F970C8D000E2CD8 /* Build configuration list for PBXNativeTarget "iOSFeaturesDemo" */;
			buildPhases = (
				F932DE1F1F970C8D000E2CD8 /* Sources */,
				F932DE201F970C8D000E2CD8 /* Frameworks */,
				F932DE211F970C8D000E2CD8 /* Resources */,
			);
			buildRules = (
			);
			dependencies = (
			);
			name = iOSFeaturesDemo;
			productName = iOSFeaturesDemo;
			productReference = F932DE231F970C8D000E2CD8 /* iOSFeaturesDemo.app */;
			productType = "com.apple.product-type.application";
		};
		F932DE361F970C8D000E2CD8 /* iOSFeaturesDemoTests */ = {
			isa = PBXNativeTarget;
			buildConfigurationList = F932DE4E1F970C8D000E2CD8 /* Build configuration list for PBXNativeTarget "iOSFeaturesDemoTests" */;
			buildPhases = (
				F932DE331F970C8D000E2CD8 /* Sources */,
				F932DE341F970C8D000E2CD8 /* Frameworks */,
				F932DE351F970C8D000E2CD8 /* Resources */,
			);
			buildRules = (
			);
			dependencies = (
				F932DE391F970C8D000E2CD8 /* PBXTargetDependency */,
			);
			name = iOSFeaturesDemoTests;
			productName = iOSFeaturesDemoTests;
			productReference = F932DE371F970C8D000E2CD8 /* iOSFeaturesDemoTests.xctest */;
			productType = "com.apple.product-type.bundle.unit-test";
		};
		F932DE411F970C8D000E2CD8 /* iOSFeaturesDemoUITests */ = {
			isa = PBXNativeTarget;
			buildConfigurationList = F932DE511F970C8D000E2CD8 /* Build configuration list for PBXNativeTarget "iOSFeaturesDemoUITests" */;
			buildPhases = (
				F932DE3E1F970C8D000E2CD8 /* Sources */,
				F932DE3F1F970C8D000E2CD8 /* Frameworks */,
				F932DE401F970C8D000E2CD8 /* Resources */,
			);
			buildRules = (
			);
			dependencies = (
				F932DE441F970C8D000E2CD8 /* PBXTargetDependency */,
			);
			name = iOSFeaturesDemoUITests;
			productName = iOSFeaturesDemoUITests;
			productReference = F932DE421F970C8D000E2CD8 /* iOSFeaturesDemoUITests.xctest */;
			productType = "com.apple.product-type.bundle.ui-testing";
		};
/* End PBXNativeTarget section */

/* Begin PBXProject section */
		F932DE1B1F970C8D000E2CD8 /* Project object */ = {
			isa = PBXProject;
			attributes = {
				LastSwiftUpdateCheck = 0900;
				LastUpgradeCheck = 0900;
				ORGANIZATIONNAME = Nandu;
				TargetAttributes = {
					F932DE221F970C8D000E2CD8 = {
						CreatedOnToolsVersion = 9.0;
						ProvisioningStyle = Automatic;
					};
					F932DE361F970C8D000E2CD8 = {
						CreatedOnToolsVersion = 9.0;
						ProvisioningStyle = Automatic;
						TestTargetID = F932DE221F970C8D000E2CD8;
					};
					F932DE411F970C8D000E2CD8 = {
						CreatedOnToolsVersion = 9.0;
						ProvisioningStyle = Automatic;
						TestTargetID = F932DE221F970C8D000E2CD8;
					};
				};
			};
			buildConfigurationList = F932DE1E1F970C8D000E2CD8 /* Build configuration list for PBXProject "iOSFeaturesDemo" */;
			compatibilityVersion = "Xcode 8.0";
			developmentRegion = en;
			hasScannedForEncodings = 0;
			knownRegions = (
				en,
				Base,
			);
			mainGroup = F932DE1A1F970C8D000E2CD8;
			productRefGroup = F932DE241F970C8D000E2CD8 /* Products */;
			projectDirPath = "";
			projectRoot = "";
			targets = (
				F932DE221F970C8D000E2CD8 /* iOSFeaturesDemo */,
				F932DE361F970C8D000E2CD8 /* iOSFeaturesDemoTests */,
				F932DE411F970C8D000E2CD8 /* iOSFeaturesDemoUITests */,
			);
		};
/* End PBXProject section */

/* Begin PBXResourcesBuildPhase section */
		F932DE211F970C8D000E2CD8 /* Resources */ = {
			isa = PBXResourcesBuildPhase;
			buildActionMask = 2147483647;
			files = (
				F932DE311F970C8D000E2CD8 /* LaunchScreen.storyboard in Resources */,
				F932DE2E1F970C8D000E2CD8 /* Assets.xcassets in Resources */,
				F932DE2C1F970C8D000E2CD8 /* Main.storyboard in Resources */,
			);
			runOnlyForDeploymentPostprocessing = 0;
		};
		F932DE351F970C8D000E2CD8 /* Resources */ = {
			isa = PBXResourcesBuildPhase;
			buildActionMask = 2147483647;
			files = (
			);
			runOnlyForDeploymentPostprocessing = 0;
		};
		F932DE401F970C8D000E2CD8 /* Resources */ = {
			isa = PBXResourcesBuildPhase;
			buildActionMask = 2147483647;
			files = (
			);
			runOnlyForDeploymentPostprocessing = 0;
		};
/* End PBXResourcesBuildPhase section */

/* Begin PBXSourcesBuildPhase section */
		F932DE1F1F970C8D000E2CD8 /* Sources */ = {
			isa = PBXSourcesBuildPhase;
			buildActionMask = 2147483647;
			files = (
				F932DE291F970C8D000E2CD8 /* ViewController.swift in Sources */,
				F932DE271F970C8D000E2CD8 /* AppDelegate.swift in Sources */,
			);
			runOnlyForDeploymentPostprocessing = 0;
		};
		F932DE331F970C8D000E2CD8 /* Sources */ = {
			isa = PBXSourcesBuildPhase;
			buildActionMask = 2147483647;
			files = (
				F932DE3C1F970C8D000E2CD8 /* iOSFeaturesDemoTests.swift in Sources */,
			);
			runOnlyForDeploymentPostprocessing = 0;
		};
		F932DE3E1F970C8D000E2CD8 /* Sources */ = {
			isa = PBXSourcesBuildPhase;
			buildActionMask = 2147483647;
			files = (
				F932DE471F970C8D000E2CD8 /* iOSFeaturesDemoUITests.swift in Sources */,
			);
			runOnlyForDeploymentPostprocessing = 0;
		};
/* End PBXSourcesBuildPhase section */

/* Begin PBXTargetDependency section */
		F932DE391F970C8D000E2CD8 /* PBXTargetDependency */ = {
			isa = PBXTargetDependency;
			target = F932DE221F970C8D000E2CD8 /* iOSFeaturesDemo */;
			targetProxy = F932DE381F970C8D000E2CD8 /* PBXContainerItemProxy */;
		};
		F932DE441F970C8D000E2CD8 /* PBXTargetDependency */ = {
			isa = PBXTargetDependency;
			target = F932DE221F970C8D000E2CD8 /* iOSFeaturesDemo */;
			targetProxy = F932DE431F970C8D000E2CD8 /* PBXContainerItemProxy */;
		};
/* End PBXTargetDependency section */

/* Begin PBXVariantGroup section */
		F932DE2A1F970C8D000E2CD8 /* Main.storyboard */ = {
			isa = PBXVariantGroup;
			children = (
				F932DE2B1F970C8D000E2CD8 /* Base */,
			);
			name = Main.storyboard;
			sourceTree = "<group>";
		};
		F932DE2F1F970C8D000E2CD8 /* LaunchScreen.storyboard */ = {
			isa = PBXVariantGroup;
			children = (
				F932DE301F970C8D000E2CD8 /* Base */,
			);
			name = LaunchScreen.storyboard;
			sourceTree = "<group>";
		};
/* End PBXVariantGroup section */

/* Begin XCBuildConfiguration section */
		F932DE491F970C8D000E2CD8 /* Debug */ = {
			isa = XCBuildConfiguration;
			buildSettings = {
				ALWAYS_SEARCH_USER_PATHS = NO;
				CLANG_ANALYZER_NONNULL = YES;
				CLANG_ANALYZER_NUMBER_OBJECT_CONVERSION = YES_AGGRESSIVE;
				CLANG_CXX_LANGUAGE_STANDARD = "gnu++14";
				CLANG_CXX_LIBRARY = "libc++";
				CLANG_ENABLE_MODULES = YES;
				CLANG_ENABLE_OBJC_ARC = YES;
				CLANG_WARN_BLOCK_CAPTURE_AUTORELEASING = YES;
				CLANG_WARN_BOOL_CONVERSION = YES;
				CLANG_WARN_COMMA = YES;
				CLANG_WARN_CONSTANT_CONVERSION = YES;
				CLANG_WARN_DIRECT_OBJC_ISA_USAGE = YES_ERROR;
				CLANG_WARN_DOCUMENTATION_COMMENTS = YES;
				CLANG_WARN_EMPTY_BODY = YES;
				CLANG_WARN_ENUM_CONVERSION = YES;
				CLANG_WARN_INFINITE_RECURSION = YES;
				CLANG_WARN_INT_CONVERSION = YES;
				CLANG_WARN_NON_LITERAL_NULL_CONVERSION = YES;
				CLANG_WARN_OBJC_LITERAL_CONVERSION = YES;
				CLANG_WARN_OBJC_ROOT_CLASS = YES_ERROR;
				CLANG_WARN_RANGE_LOOP_ANALYSIS = YES;
				CLANG_WARN_STRICT_PROTOTYPES = YES;
				CLANG_WARN_SUSPICIOUS_MOVE = YES;
				CLANG_WARN_UNGUARDED_AVAILABILITY = YES_AGGRESSIVE;
				CLANG_WARN_UNREACHABLE_CODE = YES;
				CLANG_WARN__DUPLICATE_METHOD_MATCH = YES;
				CODE_SIGN_IDENTITY = "iPhone Developer";
				COPY_PHASE_STRIP = NO;
				DEBUG_INFORMATION_FORMAT = dwarf;
				ENABLE_STRICT_OBJC_MSGSEND = YES;
				ENABLE_TESTABILITY = YES;
				GCC_C_LANGUAGE_STANDARD = gnu11;
				GCC_DYNAMIC_NO_PIC = NO;
				GCC_NO_COMMON_BLOCKS = YES;
				GCC_OPTIMIZATION_LEVEL = 0;
				GCC_PREPROCESSOR_DEFINITIONS = (
					"DEBUG=1",
					"$(inherited)",
				);
				GCC_WARN_64_TO_32_BIT_CONVERSION = YES;
				GCC_WARN_ABOUT_RETURN_TYPE = YES_ERROR;
				GCC_WARN_UNDECLARED_SELECTOR = YES;
				GCC_WARN_UNINITIALIZED_AUTOS = YES_AGGRESSIVE;
				GCC_WARN_UNUSED_FUNCTION = YES;
				GCC_WARN_UNUSED_VARIABLE = YES;
				IPHONEOS_DEPLOYMENT_TARGET = 11.0;
				MTL_ENABLE_DEBUG_INFO = YES;
				ONLY_ACTIVE_ARCH = YES;
				SDKROOT = iphoneos;
				SWIFT_ACTIVE_COMPILATION_CONDITIONS = DEBUG;
				SWIFT_OPTIMIZATION_LEVEL = "-Onone";
			};
			name = Debug;
		};
		F932DE4A1F970C8D000E2CD8 /* Release */ = {
			isa = XCBuildConfiguration;
			buildSettings = {
				ALWAYS_SEARCH_USER_PATHS = NO;
				CLANG_ANALYZER_NONNULL = YES;
				CLANG_ANALYZER_NUMBER_OBJECT_CONVERSION = YES_AGGRESSIVE;
				CLANG_CXX_LANGUAGE_STANDARD = "gnu++14";
				CLANG_CXX_LIBRARY = "libc++";
				CLANG_ENABLE_MODULES = YES;
				CLANG_ENABLE_OBJC_ARC = YES;
				CLANG_WARN_BLOCK_CAPTURE_AUTORELEASING = YES;
				CLANG_WARN_BOOL_CONVERSION = YES;
				CLANG_WARN_COMMA = YES;
				CLANG_WARN_CONSTANT_CONVERSION = YES;
				CLANG_WARN_DIRECT_OBJC_ISA_USAGE = YES_ERROR;
				CLANG_WARN_DOCUMENTATION_COMMENTS = YES;
				CLANG_WARN_EMPTY_BODY = YES;
				CLANG_WARN_ENUM_CONVERSION = YES;
				CLANG_WARN_INFINITE_RECURSION = YES;
				CLANG_WARN_INT_CONVERSION = YES;
				CLANG_WARN_NON_LITERAL_NULL_CONVERSION = YES;
				CLANG_WARN_OBJC_LITERAL_CONVERSION = YES;
				CLANG_WARN_OBJC_ROOT_CLASS = YES_ERROR;
				CLANG_WARN_RANGE_LOOP_ANALYSIS = YES;
				CLANG_WARN_STRICT_PROTOTYPES = YES;
				CLANG_WARN_SUSPICIOUS_MOVE = YES;
				CLANG_WARN_UNGUARDED_AVAILABILITY = YES_AGGRESSIVE;
				CLANG_WARN_UNREACHABLE_CODE = YES;
				CLANG_WARN__DUPLICATE_METHOD_MATCH = YES;
				CODE_SIGN_IDENTITY = "iPhone Developer";
				COPY_PHASE_STRIP = NO;
				DEBUG_INFORMATION_FORMAT = "dwarf-with-dsym";
				ENABLE_NS_ASSERTIONS = NO;
				ENABLE_STRICT_OBJC_MSGSEND = YES;
				GCC_C_LANGUAGE_STANDARD = gnu11;
				GCC_NO_COMMON_BLOCKS = YES;
				GCC_WARN_64_TO_32_BIT_CONVERSION = YES;
				GCC_WARN_ABOUT_RETURN_TYPE = YES_ERROR;
				GCC_WARN_UNDECLARED_SELECTOR = YES;
				GCC_WARN_UNINITIALIZED_AUTOS = YES_AGGRESSIVE;
				GCC_WARN_UNUSED_FUNCTION = YES;
				GCC_WARN_UNUSED_VARIABLE = YES;
				IPHONEOS_DEPLOYMENT_TARGET = 11.0;
				MTL_ENABLE_DEBUG_INFO = NO;
				SDKROOT = iphoneos;
				SWIFT_OPTIMIZATION_LEVEL = "-Owholemodule";
				VALIDATE_PRODUCT = YES;
			};
			name = Release;
		};
		F932DE4C1F970C8D000E2CD8 /* Debug */ = {
			isa = XCBuildConfiguration;
			buildSettings = {
				ASSETCATALOG_COMPILER_APPICON_NAME = AppIcon;
				CODE_SIGN_STYLE = Automatic;
				DEVELOPMENT_TEAM = NV5FC9D2Q9;
				INFOPLIST_FILE = iOSFeaturesDemo/Info.plist;
				LD_RUNPATH_SEARCH_PATHS = "$(inherited) @executable_path/Frameworks";
				PRODUCT_BUNDLE_IDENTIFIER = com.nandu.iOSFeaturesDemo;
				PRODUCT_NAME = "$(TARGET_NAME)";
				SWIFT_VERSION = 4.0;
				TARGETED_DEVICE_FAMILY = "1,2";
			};
			name = Debug;
		};
		F932DE4D1F970C8D000E2CD8 /* Release */ = {
			isa = XCBuildConfiguration;
			buildSettings = {
				ASSETCATALOG_COMPILER_APPICON_NAME = AppIcon;
				CODE_SIGN_STYLE = Automatic;
				DEVELOPMENT_TEAM = NV5FC9D2Q9;
				INFOPLIST_FILE = iOSFeaturesDemo/Info.plist;
				LD_RUNPATH_SEARCH_PATHS = "$(inherited) @executable_path/Frameworks";
				PRODUCT_BUNDLE_IDENTIFIER = com.nandu.iOSFeaturesDemo;
				PRODUCT_NAME = "$(TARGET_NAME)";
				SWIFT_VERSION = 4.0;
				TARGETED_DEVICE_FAMILY = "1,2";
			};
			name = Release;
		};
		F932DE4F1F970C8D000E2CD8 /* Debug */ = {
			isa = XCBuildConfiguration;
			buildSettings = {
				ALWAYS_EMBED_SWIFT_STANDARD_LIBRARIES = YES;
				BUNDLE_LOADER = "$(TEST_HOST)";
				CODE_SIGN_STYLE = Automatic;
				DEVELOPMENT_TEAM = NV5FC9D2Q9;
				INFOPLIST_FILE = iOSFeaturesDemoTests/Info.plist;
				LD_RUNPATH_SEARCH_PATHS = "$(inherited) @executable_path/Frameworks @loader_path/Frameworks";
				PRODUCT_BUNDLE_IDENTIFIER = com.nandu.iOSFeaturesDemoTests;
				PRODUCT_NAME = "$(TARGET_NAME)";
				SWIFT_VERSION = 4.0;
				TARGETED_DEVICE_FAMILY = "1,2";
				TEST_HOST = "$(BUILT_PRODUCTS_DIR)/iOSFeaturesDemo.app/iOSFeaturesDemo";
			};
			name = Debug;
		};
		F932DE501F970C8D000E2CD8 /* Release */ = {
			isa = XCBuildConfiguration;
			buildSettings = {
				ALWAYS_EMBED_SWIFT_STANDARD_LIBRARIES = YES;
				BUNDLE_LOADER = "$(TEST_HOST)";
				CODE_SIGN_STYLE = Automatic;
				DEVELOPMENT_TEAM = NV5FC9D2Q9;
				INFOPLIST_FILE = iOSFeaturesDemoTests/Info.plist;
				LD_RUNPATH_SEARCH_PATHS = "$(inherited) @executable_path/Frameworks @loader_path/Frameworks";
				PRODUCT_BUNDLE_IDENTIFIER = com.nandu.iOSFeaturesDemoTests;
				PRODUCT_NAME = "$(TARGET_NAME)";
				SWIFT_VERSION = 4.0;
				TARGETED_DEVICE_FAMILY = "1,2";
				TEST_HOST = "$(BUILT_PRODUCTS_DIR)/iOSFeaturesDemo.app/iOSFeaturesDemo";
			};
			name = Release;
		};
		F932DE521F970C8D000E2CD8 /* Debug */ = {
			isa = XCBuildConfiguration;
			buildSettings = {
				ALWAYS_EMBED_SWIFT_STANDARD_LIBRARIES = YES;
				CODE_SIGN_STYLE = Automatic;
				DEVELOPMENT_TEAM = NV5FC9D2Q9;
				INFOPLIST_FILE = iOSFeaturesDemoUITests/Info.plist;
				LD_RUNPATH_SEARCH_PATHS = "$(inherited) @executable_path/Frameworks @loader_path/Frameworks";
				PRODUCT_BUNDLE_IDENTIFIER = com.nandu.iOSFeaturesDemoUITests;
				PRODUCT_NAME = "$(TARGET_NAME)";
				SWIFT_VERSION = 4.0;
				TARGETED_DEVICE_FAMILY = "1,2";
				TEST_TARGET_NAME = iOSFeaturesDemo;
			};
			name = Debug;
		};
		F932DE531F970C8D000E2CD8 /* Release */ = {
			isa = XCBuildConfiguration;
			buildSettings = {
				ALWAYS_EMBED_SWIFT_STANDARD_LIBRARIES = YES;
				CODE_SIGN_STYLE = Automatic;
				DEVELOPMENT_TEAM = NV5FC9D2Q9;
				INFOPLIST_FILE = iOSFeaturesDemoUITests/Info.plist;
				LD_RUNPATH_SEARCH_PATHS = "$(inherited) @executable_path/Frameworks @loader_path/Frameworks";
				PRODUCT_BUNDLE_IDENTIFIER = com.nandu.iOSFeaturesDemoUITests;
				PRODUCT_NAME = "$(TARGET_NAME)";
				SWIFT_VERSION = 4.0;
				TARGETED_DEVICE_FAMILY = "1,2";
				TEST_TARGET_NAME = iOSFeaturesDemo;
			};
			name = Release;
		};
/* End XCBuildConfiguration section */

/* Begin XCConfigurationList section */
		F932DE1E1F970C8D000E2CD8 /* Build configuration list for PBXProject "iOSFeaturesDemo" */ = {
			isa = XCConfigurationList;
			buildConfigurations = (
				F932DE491F970C8D000E2CD8 /* Debug */,
				F932DE4A1F970C8D000E2CD8 /* Release */,
			);
			defaultConfigurationIsVisible = 0;
			defaultConfigurationName = Release;
		};
		F932DE4B1F970C8D000E2CD8 /* Build configuration list for PBXNativeTarget "iOSFeaturesDemo" */ = {
			isa = XCConfigurationList;
			buildConfigurations = (
				F932DE4C1F970C8D000E2CD8 /* Debug */,
				F932DE4D1F970C8D000E2CD8 /* Release */,
			);
			defaultConfigurationIsVisible = 0;
			defaultConfigurationName = Release;
		};
		F932DE4E1F970C8D000E2CD8 /* Build configuration list for PBXNativeTarget "iOSFeaturesDemoTests" */ = {
			isa = XCConfigurationList;
			buildConfigurations = (
				F932DE4F1F970C8D000E2CD8 /* Debug */,
				F932DE501F970C8D000E2CD8 /* Release */,
			);
			defaultConfigurationIsVisible = 0;
			defaultConfigurationName = Release;
		};
		F932DE511F970C8D000E2CD8 /* Build configuration list for PBXNativeTarget "iOSFeaturesDemoUITests" */ = {
			isa = XCConfigurationList;
			buildConfigurations = (
				F932DE521F970C8D000E2CD8 /* Debug */,
				F932DE531F970C8D000E2CD8 /* Release */,
			);
			defaultConfigurationIsVisible = 0;
			defaultConfigurationName = Release;
		};
/* End XCConfigurationList section */
	};
	rootObject = F932DE1B1F970C8D000E2CD8 /* Project object */;
}
